
Microsoft Visual Studio Solution File, Format Version 12.00
# Visual Studio Version 17
VisualStudioVersion = 17.1.32328.378
MinimumVisualStudioVersion = 10.0.40219.1
Project("{FAE04EC0-301F-11D3-BF4B-00C04F79EFBC}") = "PublisherRabbitMQ", "ConsoleAppRabbitMQ\PublisherRabbitMQ.csproj", "{D94B28CD-6B7B-4E17-B2F1-52083D6A6426}"
EndProject
Project("{FAE04EC0-301F-11D3-BF4B-00C04F79EFBC}") = "SubscriberRabbitMQ", "SubscriberRabbitMQ\SubscriberRabbitMQ.csproj", "{CE069C3C-65A7-4712-BDAF-0C9A4780D21E}"
EndProject
Global
	GlobalSection(SolutionConfigurationPlatforms) = preSolution
		Debug|Any CPU = Debug|Any CPU
		Release|Any CPU = Release|Any CPU
	EndGlobalSection
	GlobalSection(ProjectConfigurationPlatforms) = postSolution
		{D94B28CD-6B7B-4E17-B2F1-52083D6A6426}.Debug|Any CPU.ActiveCfg = Debug|Any CPU
		{D94B28CD-6B7B-4E17-B2F1-52083D6A6426}.Debug|Any CPU.Build.0 = Debug|Any CPU
		{D94B28CD-6B7B-4E17-B2F1-52083D6A6426}.Release|Any CPU.ActiveCfg = Release|Any CPU
		{D94B28CD-6B7B-4E17-B2F1-52083D6A6426}.Release|Any CPU.Build.0 = Release|Any CPU
		{CE069C3C-65A7-4712-BDAF-0C9A4780D21E}.Debug|Any CPU.ActiveCfg = Debug|Any CPU
		{CE069C3C-65A7-4712-BDAF-0C9A4780D21E}.Debug|Any CPU.Build.0 = Debug|Any CPU
		{CE069C3C-65A7-4712-BDAF-0C9A4780D21E}.Release|Any CPU.ActiveCfg = Release|Any CPU
		{CE069C3C-65A7-4712-BDAF-0C9A4780D21E}.Release|Any CPU.Build.0 = Release|Any CPU
	EndGlobalSection
	GlobalSection(SolutionProperties) = preSolution
		HideSolutionNode = FALSE
	EndGlobalSection
	GlobalSection(ExtensibilityGlobals) = postSolution
		SolutionGuid = {0CD19389-F994-465F-ADB3-9F42AE6533F6}
	EndGlobalSection
EndGlobal
